
Microsoft Visual Studio Solution File, Format Version 12.00
# Visual Studio 2017
Project("{FAE04EC0-301F-11D3-BF4B-00C04F79EFBC}") = "LSH2018", "LSH2018.csproj", "{A890E53C-B55F-64EA-AB41-1CC20FCF6275}"
EndProject
Global
	GlobalSection(SolutionConfigurationPlatforms) = preSolution
		Debug|Any CPU = Debug|Any CPU
		Release|Any CPU = Release|Any CPU
	EndGlobalSection
	GlobalSection(ProjectConfigurationPlatforms) = postSolution
		{A890E53C-B55F-64EA-AB41-1CC20FCF6275}.Debug|Any CPU.ActiveCfg = Debug|Any CPU
		{A890E53C-B55F-64EA-AB41-1CC20FCF6275}.Debug|Any CPU.Build.0 = Debug|Any CPU
		{A890E53C-B55F-64EA-AB41-1CC20FCF6275}.Release|Any CPU.ActiveCfg = Release|Any CPU
		{A890E53C-B55F-64EA-AB41-1CC20FCF6275}.Release|Any CPU.Build.0 = Release|Any CPU
	EndGlobalSection
	GlobalSection(SolutionProperties) = preSolution
		HideSolutionNode = FALSE
	EndGlobalSection
EndGlobal
